<?xml version="1.0" encoding="utf-8"?>
<Project ToolsVersion="4.0" xmlns="http://schemas.microsoft.com/developer/msbuild/2003">
  <ItemGroup>
    <Filter Include="Source Files">
      <UniqueIdentifier>{4FC737F1-C7A5-4376-A066-2A32D752A2FF}</UniqueIdentifier>
      <Extensions>cpp;c;cc;cxx;c++;cppm;ixx;def;odl;idl;hpj;bat;asm;asmx</Extensions>
    </Filter>
    <Filter Include="Header Files">
      <UniqueIdentifier>{93995380-89BD-4b04-88EB-625FBE52EBFB}</UniqueIdentifier>
      <Extensions>h;hh;hpp;hxx;h++;hm;inl;inc;ipp;xsd</Extensions>
    </Filter>
    <Filter Include="Resource Files">
      <UniqueIdentifier>{67DA6AB6-F800-4c08-8B7A-83BB121AAD01}</UniqueIdentifier>
      <Extensions>rc;ico;cur;bmp;dlg;rc2;rct;bin;rgs;gif;jpg;jpeg;jpe;resx;tiff;tif;png;wav;mfcribbon-ms</Extensions>
    </Filter>
    <Filter Include="Header Files\Tests">
      <UniqueIdentifier>{e0e19628-83a6-43f4-b8f6-85789ec900d2}</UniqueIdentifier>
    </Filter>
    <Filter Include="Header Files\Tests\Minty">
      <UniqueIdentifier>{15d850e1-3c6f-4513-b382-97e1be9f7d9a}</UniqueIdentifier>
    </Filter>
    <Filter Include="Header Files\Tests\Data">
      <UniqueIdentifier>{4a42e44d-03a7-4cdd-8631-4af15eaad390}</UniqueIdentifier>
    </Filter>
    <Filter Include="Header Files\Tests\Memory">
      <UniqueIdentifier>{06c85f8e-2e02-4183-9dcb-7e5cdad32a78}</UniqueIdentifier>
    </Filter>
    <Filter Include="Header Files\MintyTest">
      <UniqueIdentifier>{d402cf7f-ebee-47c9-b221-67a91a93af1c}</UniqueIdentifier>
    </Filter>
    <Filter Include="Header Files\Tests\Core">
      <UniqueIdentifier>{da1285e4-a878-40dd-800e-dd46d2ed096f}</UniqueIdentifier>
    </Filter>
    <Filter Include="Header Files\Tests\File">
      <UniqueIdentifier>{98750518-5e3a-4395-b83a-a14c1a5f22ed}</UniqueIdentifier>
    </Filter>
    <Filter Include="Header Files\Tests\Wrap">
      <UniqueIdentifier>{4ec241ba-b60f-4223-8cdd-edd7ed73960a}</UniqueIdentifier>
    </Filter>
    <Filter Include="Header Files\Tests\Debug">
      <UniqueIdentifier>{e951fa1f-a8b2-4919-ac0a-cb767902e055}</UniqueIdentifier>
    </Filter>
    <Filter Include="Header Files\Tests\Serialization">
      <UniqueIdentifier>{2ad639a7-df6f-4ffe-95b7-aac8a979e238}</UniqueIdentifier>
    </Filter>
    <Filter Include="Header Files\Tests\Asset">
      <UniqueIdentifier>{8acdb392-49f6-4df1-9a99-d734d8b5df11}</UniqueIdentifier>
    </Filter>
    <Filter Include="Header Files\Tests\Job">
      <UniqueIdentifier>{0d58f503-a72d-456f-97a3-a174affd0684}</UniqueIdentifier>
    </Filter>
    <Filter Include="Header Files\Tests\Time">
      <UniqueIdentifier>{60d2160e-c2dd-4ce3-8cdd-26c0355b8c37}</UniqueIdentifier>
    </Filter>
    <Filter Include="Header Files\Tests\Render">
      <UniqueIdentifier>{e4b80fb9-4cab-43cb-8f17-673b59e61cc7}</UniqueIdentifier>
    </Filter>
  </ItemGroup>
  <ItemGroup>
    <ClCompile Include="MintyTest.cpp">
      <Filter>Source Files</Filter>
    </ClCompile>
    <ClCompile Include="Test_String.cpp">
      <Filter>Source Files</Filter>
    </ClCompile>
    <ClCompile Include="Test_Minty.cpp">
      <Filter>Source Files</Filter>
    </ClCompile>
    <ClCompile Include="Test_Array.cpp">
      <Filter>Source Files</Filter>
    </ClCompile>
    <ClCompile Include="Test_MemoryPool.cpp">
      <Filter>Source Files</Filter>
    </ClCompile>
    <ClCompile Include="Test_List.cpp">
      <Filter>Source Files</Filter>
    </ClCompile>
    <ClCompile Include="Test_Pair.cpp">
      <Filter>Source Files</Filter>
    </ClCompile>
    <ClCompile Include="Test_Vector.cpp">
      <Filter>Source Files</Filter>
    </ClCompile>
    <ClCompile Include="Test_MemoryManager.cpp">
      <Filter>Source Files</Filter>
    </ClCompile>
    <ClCompile Include="Test_MemoryStack.cpp">
      <Filter>Source Files</Filter>
    </ClCompile>
    <ClCompile Include="Test_Map.cpp">
      <Filter>Source Files</Filter>
    </ClCompile>
    <ClCompile Include="Test_Set.cpp">
      <Filter>Source Files</Filter>
    </ClCompile>
    <ClCompile Include="Test_Base.cpp">
      <Filter>Source Files</Filter>
    </ClCompile>
    <ClCompile Include="Test_Stack.cpp">
      <Filter>Source Files</Filter>
    </ClCompile>
    <ClCompile Include="Test_Queue.cpp">
      <Filter>Source Files</Filter>
    </ClCompile>
    <ClCompile Include="Test_Color.cpp">
      <Filter>Source Files</Filter>
    </ClCompile>
    <ClCompile Include="Test_Compression.cpp">
      <Filter>Source Files</Filter>
    </ClCompile>
    <ClCompile Include="Test_PhysicalFile.cpp">
      <Filter>Source Files</Filter>
    </ClCompile>
    <ClCompile Include="Test_VirtualFile.cpp">
      <Filter>Source Files</Filter>
    </ClCompile>
    <ClCompile Include="Test_Wrap.cpp">
      <Filter>Source Files</Filter>
    </ClCompile>
    <ClCompile Include="Test_File.cpp">
      <Filter>Source Files</Filter>
    </ClCompile>
    <ClCompile Include="Test_Wrapper.cpp">
      <Filter>Source Files</Filter>
    </ClCompile>
    <ClCompile Include="Test.cpp">
      <Filter>Source Files</Filter>
    </ClCompile>
    <ClCompile Include="Test_Debug.cpp">
      <Filter>Source Files</Filter>
    </ClCompile>
    <ClCompile Include="Test_DualBuffer.cpp">
      <Filter>Source Files</Filter>
    </ClCompile>
    <ClCompile Include="Test_Math.cpp">
      <Filter>Source Files</Filter>
    </ClCompile>
    <ClCompile Include="Test_UUID.cpp">
      <Filter>Source Files</Filter>
    </ClCompile>
    <ClCompile Include="Test_ConstantContainer.cpp">
      <Filter>Source Files</Filter>
    </ClCompile>
    <ClCompile Include="Test_StaticContainer.cpp">
      <Filter>Source Files</Filter>
    </ClCompile>
    <ClCompile Include="Test_DynamicContainer.cpp">
      <Filter>Source Files</Filter>
    </ClCompile>
    <ClCompile Include="Test_Node.cpp">
      <Filter>Source Files</Filter>
    </ClCompile>
    <ClCompile Include="Test_Variable.cpp">
      <Filter>Source Files</Filter>
    </ClCompile>
    <ClCompile Include="Test_Type.cpp">
      <Filter>Source Files</Filter>
    </ClCompile>
    <ClCompile Include="Test_Reader.cpp">
      <Filter>Source Files</Filter>
    </ClCompile>
    <ClCompile Include="Test_Writer.cpp">
      <Filter>Source Files</Filter>
    </ClCompile>
    <ClCompile Include="Test_Encoding.cpp">
      <Filter>Source Files</Filter>
    </ClCompile>
    <ClCompile Include="Test_AssetManager.cpp">
      <Filter>Source Files</Filter>
    </ClCompile>
    <ClCompile Include="Test_Asset.cpp">
      <Filter>Source Files</Filter>
    </ClCompile>
    <ClCompile Include="Test_JobManager.cpp">
      <Filter>Source Files</Filter>
    </ClCompile>
    <ClCompile Include="Test_GenericAsset.cpp">
      <Filter>Source Files</Filter>
    </ClCompile>
    <ClCompile Include="Test_Time.cpp">
      <Filter>Source Files</Filter>
    </ClCompile>
    <ClCompile Include="Test_Stopwatch.cpp">
      <Filter>Source Files</Filter>
    </ClCompile>
    <ClCompile Include="Test_BufferUsage.cpp">
      <Filter>Source Files</Filter>
    </ClCompile>
    <ClCompile Include="Test_ImageType.cpp">
      <Filter>Source Files</Filter>
    </ClCompile>
    <ClCompile Include="Test_ImagePixelFormat.cpp">
      <Filter>Source Files</Filter>
    </ClCompile>
    <ClCompile Include="Test_ImageTiling.cpp">
      <Filter>Source Files</Filter>
    </ClCompile>
    <ClCompile Include="Test_ImageAspect.cpp">
      <Filter>Source Files</Filter>
    </ClCompile>
    <ClCompile Include="Test_ImageAddressMode.cpp">
      <Filter>Source Files</Filter>
    </ClCompile>
    <ClCompile Include="Test_ImageUsage.cpp">
      <Filter>Source Files</Filter>
    </ClCompile>
    <ClCompile Include="Test_ImageLayout.cpp">
      <Filter>Source Files</Filter>
    </ClCompile>
    <ClCompile Include="Test_Filter.cpp">
      <Filter>Source Files</Filter>
    </ClCompile>
    <ClCompile Include="Test_Format.cpp">
      <Filter>Source Files</Filter>
    </ClCompile>
    <ClCompile Include="Test_ShaderStage.cpp">
      <Filter>Source Files</Filter>
    </ClCompile>
    <ClCompile Include="Test_ShaderInputType.cpp">
      <Filter>Source Files</Filter>
    </ClCompile>
    <ClCompile Include="Test_ShaderPrimitiveTopology.cpp">
      <Filter>Source Files</Filter>
    </ClCompile>
    <ClCompile Include="Test_ShaderCullMode.cpp">
      <Filter>Source Files</Filter>
    </ClCompile>
  </ItemGroup>
  <ItemGroup>
    <ClInclude Include="Minty.h">
      <Filter>Header Files</Filter>
    </ClInclude>
    <ClInclude Include="Results.h">
      <Filter>Header Files\MintyTest</Filter>
    </ClInclude>
    <ClInclude Include="Test.h">
      <Filter>Header Files\MintyTest</Filter>
    </ClInclude>
    <ClInclude Include="Test_Array.h">
      <Filter>Header Files\Tests\Data</Filter>
    </ClInclude>
    <ClInclude Include="Test_List.h">
      <Filter>Header Files\Tests\Data</Filter>
    </ClInclude>
    <ClInclude Include="Test_MemoryManager.h">
      <Filter>Header Files\Tests\Memory</Filter>
    </ClInclude>
    <ClInclude Include="Test_MemoryPool.h">
      <Filter>Header Files\Tests\Memory</Filter>
    </ClInclude>
    <ClInclude Include="Test_MemoryStack.h">
      <Filter>Header Files\Tests\Memory</Filter>
    </ClInclude>
    <ClInclude Include="Test_Minty.h">
      <Filter>Header Files\Tests\Minty</Filter>
    </ClInclude>
    <ClInclude Include="Test_Pair.h">
      <Filter>Header Files\Tests\Data</Filter>
    </ClInclude>
    <ClInclude Include="Test_Vector.h">
      <Filter>Header Files\Tests\Data</Filter>
    </ClInclude>
    <ClInclude Include="Test_String.h">
      <Filter>Header Files\Tests\Data</Filter>
    </ClInclude>
    <ClInclude Include="Test_Map.h">
      <Filter>Header Files\Tests\Data</Filter>
    </ClInclude>
    <ClInclude Include="Test_Set.h">
      <Filter>Header Files\Tests\Data</Filter>
    </ClInclude>
    <ClInclude Include="Test_Stack.h">
      <Filter>Header Files\Tests\Data</Filter>
    </ClInclude>
    <ClInclude Include="Test_Queue.h">
      <Filter>Header Files\Tests\Data</Filter>
    </ClInclude>
    <ClInclude Include="Test_Color.h">
      <Filter>Header Files\Tests\Data</Filter>
    </ClInclude>
    <ClInclude Include="Test_Base.h">
      <Filter>Header Files\Tests\Core</Filter>
    </ClInclude>
    <ClInclude Include="Test_Compression.h">
      <Filter>Header Files\Tests\Core</Filter>
    </ClInclude>
    <ClInclude Include="Test_PhysicalFile.h">
      <Filter>Header Files\Tests\File</Filter>
    </ClInclude>
    <ClInclude Include="Test_VirtualFile.h">
      <Filter>Header Files\Tests\File</Filter>
    </ClInclude>
    <ClInclude Include="Test_Wrap.h">
      <Filter>Header Files\Tests\Wrap</Filter>
    </ClInclude>
    <ClInclude Include="Test_File.h">
      <Filter>Header Files\Tests\File</Filter>
    </ClInclude>
    <ClInclude Include="Test_Wrapper.h">
      <Filter>Header Files\Tests\Wrap</Filter>
    </ClInclude>
    <ClInclude Include="Test_Debug.h">
      <Filter>Header Files\Tests\Debug</Filter>
    </ClInclude>
    <ClInclude Include="Test_DualBuffer.h">
      <Filter>Header Files\Tests\Debug</Filter>
    </ClInclude>
    <ClInclude Include="Test_Math.h">
      <Filter>Header Files\Tests\Core</Filter>
    </ClInclude>
    <ClInclude Include="Test_ConstantContainer.h">
      <Filter>Header Files\Tests\Data</Filter>
    </ClInclude>
    <ClInclude Include="Test_UUID.h">
      <Filter>Header Files\Tests\Data</Filter>
    </ClInclude>
    <ClInclude Include="Test_StaticContainer.h">
      <Filter>Header Files\Tests\Data</Filter>
    </ClInclude>
    <ClInclude Include="Test_DynamicContainer.h">
      <Filter>Header Files\Tests\Data</Filter>
    </ClInclude>
    <ClInclude Include="Test_Node.h">
      <Filter>Header Files\Tests\Serialization</Filter>
    </ClInclude>
    <ClInclude Include="Test_Variable.h">
      <Filter>Header Files\Tests\Data</Filter>
    </ClInclude>
    <ClInclude Include="Test_Type.h">
      <Filter>Header Files\Tests\Core</Filter>
    </ClInclude>
    <ClInclude Include="Test_Reader.h">
      <Filter>Header Files\Tests\Serialization</Filter>
    </ClInclude>
    <ClInclude Include="Test_Writer.h">
      <Filter>Header Files\Tests\Serialization</Filter>
    </ClInclude>
    <ClInclude Include="Test_Encoding.h">
      <Filter>Header Files\Tests\Core</Filter>
    </ClInclude>
    <ClInclude Include="Test_AssetManager.h">
      <Filter>Header Files\Tests\Asset</Filter>
    </ClInclude>
    <ClInclude Include="Test_Asset.h">
      <Filter>Header Files\Tests\Asset</Filter>
    </ClInclude>
    <ClInclude Include="Test_JobManager.h">
      <Filter>Header Files\Tests\Job</Filter>
    </ClInclude>
    <ClInclude Include="Test_GenericAsset.h">
      <Filter>Header Files\Tests\Asset</Filter>
    </ClInclude>
    <ClInclude Include="Test_Time.h">
      <Filter>Header Files\Tests\Time</Filter>
    </ClInclude>
    <ClInclude Include="Test_Stopwatch.h">
      <Filter>Header Files\Tests\Time</Filter>
    </ClInclude>
    <ClInclude Include="Test_BufferUsage.h">
      <Filter>Header Files\Tests\Render</Filter>
    </ClInclude>
    <ClInclude Include="Test_ImageType.h">
      <Filter>Header Files\Tests\Render</Filter>
    </ClInclude>
    <ClInclude Include="Test_ImagePixelFormat.h">
      <Filter>Header Files\Tests\Render</Filter>
    </ClInclude>
    <ClInclude Include="Test_ImageTiling.h">
      <Filter>Header Files\Tests\Render</Filter>
    </ClInclude>
    <ClInclude Include="Test_ImageAspect.h">
      <Filter>Header Files\Tests\Render</Filter>
    </ClInclude>
    <ClInclude Include="Test_ImageAddressMode.h">
      <Filter>Header Files\Tests\Render</Filter>
    </ClInclude>
    <ClInclude Include="Test_ImageUsage.h">
      <Filter>Header Files\Tests\Render</Filter>
    </ClInclude>
    <ClInclude Include="Test_ImageLayout.h">
      <Filter>Header Files\Tests\Render</Filter>
    </ClInclude>
    <ClInclude Include="Test_Filter.h">
      <Filter>Header Files\Tests\Render</Filter>
    </ClInclude>
    <ClInclude Include="Test_Format.h">
      <Filter>Header Files\Tests\Render</Filter>
    </ClInclude>
    <ClInclude Include="Test_ShaderStage.h">
      <Filter>Header Files\Tests\Render</Filter>
    </ClInclude>
    <ClInclude Include="Test_ShaderInputType.h">
      <Filter>Header Files\Tests\Render</Filter>
    </ClInclude>
    <ClInclude Include="Test_ShaderPrimitiveTopology.h">
      <Filter>Header Files\Tests\Render</Filter>
    </ClInclude>
    <ClInclude Include="Test_ShaderCullMode.h">
      <Filter>Header Files\Tests\Render</Filter>
    </ClInclude>
  </ItemGroup>
</Project>