<?xml version="1.0" encoding="utf-8"?>
<Project ToolsVersion="4.0" xmlns="http://schemas.microsoft.com/developer/msbuild/2003">
  <ItemGroup>
    <Filter Include="Source Files">
      <UniqueIdentifier>{4FC737F1-C7A5-4376-A066-2A32D752A2FF}</UniqueIdentifier>
      <Extensions>cpp;c;cc;cxx;c++;cppm;ixx;def;odl;idl;hpj;bat;asm;asmx</Extensions>
    </Filter>
    <Filter Include="Header Files">
      <UniqueIdentifier>{93995380-89BD-4b04-88EB-625FBE52EBFB}</UniqueIdentifier>
      <Extensions>h;hh;hpp;hxx;h++;hm;inl;inc;ipp;xsd</Extensions>
    </Filter>
    <Filter Include="Resource Files">
      <UniqueIdentifier>{67DA6AB6-F800-4c08-8B7A-83BB121AAD01}</UniqueIdentifier>
      <Extensions>rc;ico;cur;bmp;dlg;rc2;rct;bin;rgs;gif;jpg;jpeg;jpe;resx;tiff;tif;png;wav;mfcribbon-ms</Extensions>
    </Filter>
    <Filter Include="Header Files\Tests">
      <UniqueIdentifier>{e0e19628-83a6-43f4-b8f6-85789ec900d2}</UniqueIdentifier>
    </Filter>
    <Filter Include="Header Files\Tests\Minty">
      <UniqueIdentifier>{15d850e1-3c6f-4513-b382-97e1be9f7d9a}</UniqueIdentifier>
    </Filter>
    <Filter Include="Header Files\Tests\Data">
      <UniqueIdentifier>{4a42e44d-03a7-4cdd-8631-4af15eaad390}</UniqueIdentifier>
    </Filter>
    <Filter Include="Header Files\Tests\Memory">
      <UniqueIdentifier>{06c85f8e-2e02-4183-9dcb-7e5cdad32a78}</UniqueIdentifier>
    </Filter>
    <Filter Include="Header Files\MintyTest">
      <UniqueIdentifier>{d402cf7f-ebee-47c9-b221-67a91a93af1c}</UniqueIdentifier>
    </Filter>
  </ItemGroup>
  <ItemGroup>
    <ClCompile Include="MintyTest.cpp">
      <Filter>Source Files</Filter>
    </ClCompile>
    <ClCompile Include="Test_String.cpp">
      <Filter>Source Files</Filter>
    </ClCompile>
    <ClCompile Include="Test_Minty.cpp">
      <Filter>Source Files</Filter>
    </ClCompile>
    <ClCompile Include="Test_Array.cpp">
      <Filter>Source Files</Filter>
    </ClCompile>
    <ClCompile Include="Test_MemoryPool.cpp">
      <Filter>Source Files</Filter>
    </ClCompile>
    <ClCompile Include="Test_List.cpp">
      <Filter>Source Files</Filter>
    </ClCompile>
    <ClCompile Include="Test_Pair.cpp">
      <Filter>Source Files</Filter>
    </ClCompile>
    <ClCompile Include="Test_Vector.cpp">
      <Filter>Source Files</Filter>
    </ClCompile>
    <ClCompile Include="Test_MemoryManager.cpp">
      <Filter>Source Files</Filter>
    </ClCompile>
    <ClCompile Include="Test_MemoryStack.cpp">
      <Filter>Source Files</Filter>
    </ClCompile>
    <ClCompile Include="Test_Map.cpp">
      <Filter>Source Files</Filter>
    </ClCompile>
  </ItemGroup>
  <ItemGroup>
    <ClInclude Include="Minty.h">
      <Filter>Header Files</Filter>
    </ClInclude>
    <ClInclude Include="Results.h">
      <Filter>Header Files\MintyTest</Filter>
    </ClInclude>
    <ClInclude Include="Test.h">
      <Filter>Header Files\MintyTest</Filter>
    </ClInclude>
    <ClInclude Include="Test_Array.h">
      <Filter>Header Files\Tests\Data</Filter>
    </ClInclude>
    <ClInclude Include="Test_List.h">
      <Filter>Header Files\Tests\Data</Filter>
    </ClInclude>
    <ClInclude Include="Test_MemoryManager.h">
      <Filter>Header Files\Tests\Memory</Filter>
    </ClInclude>
    <ClInclude Include="Test_MemoryPool.h">
      <Filter>Header Files\Tests\Memory</Filter>
    </ClInclude>
    <ClInclude Include="Test_MemoryStack.h">
      <Filter>Header Files\Tests\Memory</Filter>
    </ClInclude>
    <ClInclude Include="Test_Minty.h">
      <Filter>Header Files\Tests\Minty</Filter>
    </ClInclude>
    <ClInclude Include="Test_Pair.h">
      <Filter>Header Files\Tests\Data</Filter>
    </ClInclude>
    <ClInclude Include="Test_Vector.h">
      <Filter>Header Files\Tests\Data</Filter>
    </ClInclude>
    <ClInclude Include="Test_String.h">
      <Filter>Header Files\Tests\Data</Filter>
    </ClInclude>
    <ClInclude Include="Test_Map.h">
      <Filter>Header Files\Tests\Data</Filter>
    </ClInclude>
  </ItemGroup>
</Project>