<?xml version="1.0" encoding="utf-8"?>
<Project ToolsVersion="4.0" xmlns="http://schemas.microsoft.com/developer/msbuild/2003">
  <ItemGroup>
    <Filter Include="Source Files">
      <UniqueIdentifier>{4FC737F1-C7A5-4376-A066-2A32D752A2FF}</UniqueIdentifier>
      <Extensions>cpp;c;cc;cxx;c++;cppm;ixx;def;odl;idl;hpj;bat;asm;asmx</Extensions>
    </Filter>
    <Filter Include="Header Files">
      <UniqueIdentifier>{93995380-89BD-4b04-88EB-625FBE52EBFB}</UniqueIdentifier>
      <Extensions>h;hh;hpp;hxx;h++;hm;inl;inc;ipp;xsd</Extensions>
    </Filter>
    <Filter Include="Resource Files">
      <UniqueIdentifier>{67DA6AB6-F800-4c08-8B7A-83BB121AAD01}</UniqueIdentifier>
      <Extensions>rc;ico;cur;bmp;dlg;rc2;rct;bin;rgs;gif;jpg;jpeg;jpe;resx;tiff;tif;png;wav;mfcribbon-ms</Extensions>
    </Filter>
    <Filter Include="DLL">
      <UniqueIdentifier>{ff100d73-06ea-4883-be48-8cec02653dfe}</UniqueIdentifier>
    </Filter>
    <Filter Include="Libraries">
      <UniqueIdentifier>{93d10116-318b-461b-895a-b32d9a2e6fe9}</UniqueIdentifier>
    </Filter>
    <Filter Include="Header Files\Helpers">
      <UniqueIdentifier>{9a4210f6-295a-4607-a992-5e15fc22fba8}</UniqueIdentifier>
    </Filter>
    <Filter Include="Header Files\Engine">
      <UniqueIdentifier>{22142d7c-7a80-4739-b53b-02fdccd5b539}</UniqueIdentifier>
    </Filter>
    <Filter Include="Header Files\Data Types">
      <UniqueIdentifier>{301a239f-f4be-4e09-90db-1ec7fa91a56d}</UniqueIdentifier>
    </Filter>
    <Filter Include="Header Files\Data Structures">
      <UniqueIdentifier>{591eb1a0-baff-40f2-bb85-eb2151a156cf}</UniqueIdentifier>
    </Filter>
    <Filter Include="Header Files\Engine\Tags">
      <UniqueIdentifier>{d9e5d5fd-cf2e-40bc-a9c0-18fd8e9d912e}</UniqueIdentifier>
    </Filter>
    <Filter Include="Header Files\Engine\Components">
      <UniqueIdentifier>{4626987f-1f86-4e55-85a5-ee9df7eb6f18}</UniqueIdentifier>
    </Filter>
    <Filter Include="Header Files\Engine\Systems">
      <UniqueIdentifier>{1b683a07-62f4-4890-9efd-718d36535982}</UniqueIdentifier>
    </Filter>
    <Filter Include="Header Files\Abstract">
      <UniqueIdentifier>{5be19814-e240-4fe1-a23e-3f92311b2b28}</UniqueIdentifier>
    </Filter>
  </ItemGroup>
  <ItemGroup>
    <ClInclude Include="framework.h">
      <Filter>DLL</Filter>
    </ClInclude>
    <ClInclude Include="M_Main.h">
      <Filter>DLL</Filter>
    </ClInclude>
    <ClInclude Include="pch.h">
      <Filter>DLL</Filter>
    </ClInclude>
    <ClInclude Include="Minty.h">
      <Filter>DLL</Filter>
    </ClInclude>
    <ClInclude Include="entt.hpp">
      <Filter>Libraries</Filter>
    </ClInclude>
    <ClInclude Include="FastNoiseLite.h">
      <Filter>Libraries</Filter>
    </ClInclude>
    <ClInclude Include="json.hpp">
      <Filter>Libraries</Filter>
    </ClInclude>
    <ClInclude Include="M_T_Destroy.h">
      <Filter>Header Files\Engine\Tags</Filter>
    </ClInclude>
    <ClInclude Include="M_T_NoDestroy.h">
      <Filter>Header Files\Engine\Tags</Filter>
    </ClInclude>
    <ClInclude Include="M_C_Acceleration.h">
      <Filter>Header Files\Engine\Components</Filter>
    </ClInclude>
    <ClInclude Include="M_C_Camera.h">
      <Filter>Header Files\Engine\Components</Filter>
    </ClInclude>
    <ClInclude Include="M_C_Velocity.h">
      <Filter>Header Files\Engine\Components</Filter>
    </ClInclude>
    <ClInclude Include="M_C_Size.h">
      <Filter>Header Files\Engine\Components</Filter>
    </ClInclude>
    <ClInclude Include="M_PriorityQueue.h">
      <Filter>Header Files\Data Structures</Filter>
    </ClInclude>
    <ClInclude Include="M_Color.h">
      <Filter>Header Files\Data Types</Filter>
    </ClInclude>
    <ClInclude Include="M_Coroutine.h">
      <Filter>Header Files\Engine</Filter>
    </ClInclude>
    <ClInclude Include="M_Debug.h">
      <Filter>Header Files\Helpers</Filter>
    </ClInclude>
    <ClInclude Include="M_Direction.h">
      <Filter>Header Files\Data Types</Filter>
    </ClInclude>
    <ClInclude Include="M_Engine.h">
      <Filter>Header Files\Engine</Filter>
    </ClInclude>
    <ClInclude Include="M_Event.h">
      <Filter>Header Files\Data Types</Filter>
    </ClInclude>
    <ClInclude Include="M_File.h">
      <Filter>Header Files\Helpers</Filter>
    </ClInclude>
    <ClInclude Include="M_Game.h">
      <Filter>Header Files\Engine</Filter>
    </ClInclude>
    <ClInclude Include="M_Input.h">
      <Filter>Header Files\Engine</Filter>
    </ClInclude>
    <ClInclude Include="M_InputMap.h">
      <Filter>Header Files\Engine</Filter>
    </ClInclude>
    <ClInclude Include="M_Mask.h">
      <Filter>Header Files\Data Types</Filter>
    </ClInclude>
    <ClInclude Include="M_Math.h">
      <Filter>Header Files\Helpers</Filter>
    </ClInclude>
    <ClInclude Include="M_Object.h">
      <Filter>Header Files\Data Types</Filter>
    </ClInclude>
    <ClInclude Include="M_Packing.h">
      <Filter>Header Files\Helpers</Filter>
    </ClInclude>
    <ClInclude Include="M_Pair.h">
      <Filter>Header Files\Data Types</Filter>
    </ClInclude>
    <ClInclude Include="M_Parse.h">
      <Filter>Header Files\Helpers</Filter>
    </ClInclude>
    <ClInclude Include="M_Path.h">
      <Filter>Header Files\Helpers</Filter>
    </ClInclude>
    <ClInclude Include="M_Point.h">
      <Filter>Header Files\Data Types</Filter>
    </ClInclude>
    <ClInclude Include="M_PointF.h">
      <Filter>Header Files\Data Types</Filter>
    </ClInclude>
    <ClInclude Include="M_Random.h">
      <Filter>Header Files\Helpers</Filter>
    </ClInclude>
    <ClInclude Include="M_Rect.h">
      <Filter>Header Files\Data Types</Filter>
    </ClInclude>
    <ClInclude Include="M_RectF.h">
      <Filter>Header Files\Data Types</Filter>
    </ClInclude>
    <ClInclude Include="M_Resources.h">
      <Filter>Header Files\Helpers</Filter>
    </ClInclude>
    <ClInclude Include="M_Scene.h">
      <Filter>Header Files\Engine</Filter>
    </ClInclude>
    <ClInclude Include="M_SceneManager.h">
      <Filter>Header Files\Engine</Filter>
    </ClInclude>
    <ClInclude Include="M_Screen.h">
      <Filter>Header Files\Engine</Filter>
    </ClInclude>
    <ClInclude Include="M_Time.h">
      <Filter>Header Files\Data Types</Filter>
    </ClInclude>
    <ClInclude Include="M_Stopwatch.h">
      <Filter>Header Files\Data Types</Filter>
    </ClInclude>
    <ClInclude Include="M_String.h">
      <Filter>Header Files\Helpers</Filter>
    </ClInclude>
    <ClInclude Include="M_C_Target.h">
      <Filter>Header Files\Engine\Components</Filter>
    </ClInclude>
    <ClInclude Include="M_EngineConfig.h">
      <Filter>Header Files\Engine</Filter>
    </ClInclude>
    <ClInclude Include="M_C_Bounds.h">
      <Filter>Header Files\Engine\Components</Filter>
    </ClInclude>
    <ClInclude Include="M_C_Collider.h">
      <Filter>Header Files\Engine\Components</Filter>
    </ClInclude>
    <ClInclude Include="M_Line.h">
      <Filter>Header Files\Helpers</Filter>
    </ClInclude>
    <ClInclude Include="M_System.h">
      <Filter>Header Files\Engine</Filter>
    </ClInclude>
    <ClInclude Include="M_SystemManager.h">
      <Filter>Header Files\Engine</Filter>
    </ClInclude>
    <ClInclude Include="M_Collision.h">
      <Filter>Header Files\Data Types</Filter>
    </ClInclude>
    <ClInclude Include="M_S_PhysicsSystem.h">
      <Filter>Header Files\Engine\Systems</Filter>
    </ClInclude>
    <ClInclude Include="M_C_Animator.h">
      <Filter>Header Files\Engine\Components</Filter>
    </ClInclude>
    <ClInclude Include="M_Animation.h">
      <Filter>Header Files\Data Types</Filter>
    </ClInclude>
    <ClInclude Include="M_S_AnimationSystem.h">
      <Filter>Header Files\Engine\Systems</Filter>
    </ClInclude>
    <ClInclude Include="M_Atlas.h">
      <Filter>Header Files\Data Types</Filter>
    </ClInclude>
    <ClInclude Include="M_C_DestroyTimer.h">
      <Filter>Header Files\Engine\Components</Filter>
    </ClInclude>
    <ClInclude Include="M_C_Position.h">
      <Filter>Header Files\Engine\Components</Filter>
    </ClInclude>
    <ClInclude Include="M_C_Scale.h">
      <Filter>Header Files\Engine\Components</Filter>
    </ClInclude>
    <ClInclude Include="M_Click.h">
      <Filter>Header Files\Data Types</Filter>
    </ClInclude>
    <ClInclude Include="M_S_RenderSystem.h">
      <Filter>Header Files\Engine\Systems</Filter>
    </ClInclude>
    <ClInclude Include="M_S_InputSystem.h">
      <Filter>Header Files\Engine\Systems</Filter>
    </ClInclude>
    <ClInclude Include="M_C_MouseDown.h">
      <Filter>Header Files\Engine\Components</Filter>
    </ClInclude>
    <ClInclude Include="M_C_MouseUp.h">
      <Filter>Header Files\Engine\Components</Filter>
    </ClInclude>
    <ClInclude Include="M_C_MouseClick.h">
      <Filter>Header Files\Engine\Components</Filter>
    </ClInclude>
    <ClInclude Include="M_C_Clickable.h">
      <Filter>Header Files\Engine\Components</Filter>
    </ClInclude>
    <ClInclude Include="M_C_UI.h">
      <Filter>Header Files\Engine\Components</Filter>
    </ClInclude>
    <ClInclude Include="M_C_Renderable.h">
      <Filter>Header Files\Engine\Components</Filter>
    </ClInclude>
    <ClInclude Include="M_C_Center.h">
      <Filter>Header Files\Engine\Components</Filter>
    </ClInclude>
    <ClInclude Include="M_Palette.h">
      <Filter>Header Files\Data Types</Filter>
    </ClInclude>
    <ClInclude Include="M_Grid.h">
      <Filter>Header Files\Data Types</Filter>
    </ClInclude>
    <ClInclude Include="M_S_TargetSystem.h">
      <Filter>Header Files\Engine\Systems</Filter>
    </ClInclude>
    <ClInclude Include="M_C_Name.h">
      <Filter>Header Files\Engine\Components</Filter>
    </ClInclude>
    <ClInclude Include="M_C_Gravity.h">
      <Filter>Header Files\Engine\Components</Filter>
    </ClInclude>
    <ClInclude Include="M_Sprite.h">
      <Filter>Header Files\Data Types</Filter>
    </ClInclude>
    <ClInclude Include="M_ProceduralSprite.h">
      <Filter>Header Files\Data Types</Filter>
    </ClInclude>
    <ClInclude Include="M_C_SpriteRenderer.h">
      <Filter>Header Files\Engine\Components</Filter>
    </ClInclude>
    <ClInclude Include="M_FontManager.h">
      <Filter>Header Files\Engine</Filter>
    </ClInclude>
    <ClInclude Include="M_Manager.h">
      <Filter>Header Files\Data Types</Filter>
    </ClInclude>
    <ClInclude Include="M_Font.h">
      <Filter>Header Files\Data Types</Filter>
    </ClInclude>
    <ClInclude Include="M_C_TextRenderer.h">
      <Filter>Header Files\Engine\Components</Filter>
    </ClInclude>
    <ClInclude Include="M_Text.h">
      <Filter>Header Files\Data Types</Filter>
    </ClInclude>
    <ClInclude Include="M_C_Follow.h">
      <Filter>Header Files\Engine\Components</Filter>
    </ClInclude>
    <ClInclude Include="M_Canvas.h">
      <Filter>Header Files\Data Types</Filter>
    </ClInclude>
    <ClInclude Include="M_Brush.h">
      <Filter>Header Files\Data Types</Filter>
    </ClInclude>
    <ClInclude Include="M_Brush_Solid.h">
      <Filter>Header Files\Data Types</Filter>
    </ClInclude>
    <ClInclude Include="M_Brush_Sprite.h">
      <Filter>Header Files\Data Types</Filter>
    </ClInclude>
    <ClInclude Include="M_S_AudioSystem.h">
      <Filter>Header Files\Engine\Systems</Filter>
    </ClInclude>
    <ClInclude Include="M_Sound.h">
      <Filter>Header Files\Data Types</Filter>
    </ClInclude>
    <ClInclude Include="M_Music.h">
      <Filter>Header Files\Data Types</Filter>
    </ClInclude>
    <ClInclude Include="M_Audio.h">
      <Filter>Header Files\Data Types</Filter>
    </ClInclude>
    <ClInclude Include="M_SaveLoad.h">
      <Filter>Header Files\Helpers</Filter>
    </ClInclude>
    <ClInclude Include="M_Directory.h">
      <Filter>Header Files\Helpers</Filter>
    </ClInclude>
    <ClInclude Include="M_Saveable.h">
      <Filter>Header Files\Abstract</Filter>
    </ClInclude>
    <ClInclude Include="M_Serialization.h">
      <Filter>Header Files\Helpers</Filter>
    </ClInclude>
  </ItemGroup>
  <ItemGroup>
    <ClCompile Include="dllmain.cpp">
      <Filter>Source Files</Filter>
    </ClCompile>
    <ClCompile Include="pch.cpp">
      <Filter>Source Files</Filter>
    </ClCompile>
    <ClCompile Include="M_Object.cpp">
      <Filter>Source Files</Filter>
    </ClCompile>
    <ClCompile Include="M_Math.cpp">
      <Filter>Source Files</Filter>
    </ClCompile>
    <ClCompile Include="M_String.cpp">
      <Filter>Source Files</Filter>
    </ClCompile>
    <ClCompile Include="M_Random.cpp">
      <Filter>Source Files</Filter>
    </ClCompile>
    <ClCompile Include="M_Color.cpp">
      <Filter>Source Files</Filter>
    </ClCompile>
    <ClCompile Include="M_Stopwatch.cpp">
      <Filter>Source Files</Filter>
    </ClCompile>
    <ClCompile Include="M_Debug.cpp">
      <Filter>Source Files</Filter>
    </ClCompile>
    <ClCompile Include="M_Point.cpp">
      <Filter>Source Files</Filter>
    </ClCompile>
    <ClCompile Include="M_PointF.cpp">
      <Filter>Source Files</Filter>
    </ClCompile>
    <ClCompile Include="M_Rect.cpp">
      <Filter>Source Files</Filter>
    </ClCompile>
    <ClCompile Include="M_RectF.cpp">
      <Filter>Source Files</Filter>
    </ClCompile>
    <ClCompile Include="M_File.cpp">
      <Filter>Source Files</Filter>
    </ClCompile>
    <ClCompile Include="M_Direction.cpp">
      <Filter>Source Files</Filter>
    </ClCompile>
    <ClCompile Include="M_InputMap.cpp">
      <Filter>Source Files</Filter>
    </ClCompile>
    <ClCompile Include="M_Input.cpp">
      <Filter>Source Files</Filter>
    </ClCompile>
    <ClCompile Include="M_Sprite.cpp">
      <Filter>Source Files</Filter>
    </ClCompile>
    <ClCompile Include="M_Path.cpp">
      <Filter>Source Files</Filter>
    </ClCompile>
    <ClCompile Include="M_Resources.cpp">
      <Filter>Source Files</Filter>
    </ClCompile>
    <ClCompile Include="M_Time.cpp">
      <Filter>Source Files</Filter>
    </ClCompile>
    <ClCompile Include="M_Parse.cpp">
      <Filter>Source Files</Filter>
    </ClCompile>
    <ClCompile Include="M_Screen.cpp">
      <Filter>Source Files</Filter>
    </ClCompile>
    <ClCompile Include="M_Mask.cpp">
      <Filter>Source Files</Filter>
    </ClCompile>
    <ClCompile Include="M_Packing.cpp">
      <Filter>Source Files</Filter>
    </ClCompile>
    <ClCompile Include="M_Scene.cpp">
      <Filter>Source Files</Filter>
    </ClCompile>
    <ClCompile Include="M_Engine.cpp">
      <Filter>Source Files</Filter>
    </ClCompile>
    <ClCompile Include="M_SceneManager.cpp">
      <Filter>Source Files</Filter>
    </ClCompile>
    <ClCompile Include="M_Game.cpp">
      <Filter>Source Files</Filter>
    </ClCompile>
    <ClCompile Include="M_C_Collider.cpp">
      <Filter>Source Files</Filter>
    </ClCompile>
    <ClCompile Include="M_Line.cpp">
      <Filter>Source Files</Filter>
    </ClCompile>
    <ClCompile Include="M_SystemManager.cpp">
      <Filter>Source Files</Filter>
    </ClCompile>
    <ClCompile Include="M_S_PhysicsSystem.cpp">
      <Filter>Source Files</Filter>
    </ClCompile>
    <ClCompile Include="M_System.cpp">
      <Filter>Source Files</Filter>
    </ClCompile>
    <ClCompile Include="M_C_Animator.cpp">
      <Filter>Source Files</Filter>
    </ClCompile>
    <ClCompile Include="M_S_AnimationSystem.cpp">
      <Filter>Source Files</Filter>
    </ClCompile>
    <ClCompile Include="M_Atlas.cpp">
      <Filter>Source Files</Filter>
    </ClCompile>
    <ClCompile Include="M_Animation.cpp">
      <Filter>Source Files</Filter>
    </ClCompile>
    <ClCompile Include="M_S_RenderSystem.cpp">
      <Filter>Source Files</Filter>
    </ClCompile>
    <ClCompile Include="M_S_InputSystem.cpp">
      <Filter>Source Files</Filter>
    </ClCompile>
    <ClCompile Include="M_S_TargetSystem.cpp">
      <Filter>Source Files</Filter>
    </ClCompile>
    <ClCompile Include="M_C_Camera.cpp">
      <Filter>Source Files</Filter>
    </ClCompile>
    <ClCompile Include="M_C_Name.cpp">
      <Filter>Source Files</Filter>
    </ClCompile>
    <ClCompile Include="M_ProceduralSprite.cpp">
      <Filter>Source Files</Filter>
    </ClCompile>
    <ClCompile Include="M_FontManager.cpp">
      <Filter>Source Files</Filter>
    </ClCompile>
    <ClCompile Include="M_Canvas.cpp">
      <Filter>Source Files</Filter>
    </ClCompile>
    <ClCompile Include="M_Brush.cpp">
      <Filter>Source Files</Filter>
    </ClCompile>
    <ClCompile Include="M_Brush_Solid.cpp">
      <Filter>Source Files</Filter>
    </ClCompile>
    <ClCompile Include="M_Brush_Sprite.cpp">
      <Filter>Source Files</Filter>
    </ClCompile>
    <ClCompile Include="M_S_AudioSystem.cpp">
      <Filter>Source Files</Filter>
    </ClCompile>
    <ClCompile Include="M_Audio.cpp">
      <Filter>Source Files</Filter>
    </ClCompile>
    <ClCompile Include="M_SaveLoad.cpp">
      <Filter>Source Files</Filter>
    </ClCompile>
    <ClCompile Include="M_Directory.cpp">
      <Filter>Source Files</Filter>
    </ClCompile>
    <ClCompile Include="M_Serialization.cpp">
      <Filter>Source Files</Filter>
    </ClCompile>
  </ItemGroup>
  <ItemGroup>
    <Text Include="ERROR_CODES.md">
      <Filter>Resource Files</Filter>
    </Text>
  </ItemGroup>
</Project>