<?xml version="1.0" encoding="utf-8"?>
<Project ToolsVersion="4.0" xmlns="http://schemas.microsoft.com/developer/msbuild/2003">
  <ItemGroup>
    <Filter Include="Source Files">
      <UniqueIdentifier>{4FC737F1-C7A5-4376-A066-2A32D752A2FF}</UniqueIdentifier>
      <Extensions>cpp;c;cc;cxx;c++;cppm;ixx;def;odl;idl;hpj;bat;asm;asmx</Extensions>
    </Filter>
    <Filter Include="Resource Files">
      <UniqueIdentifier>{67DA6AB6-F800-4c08-8B7A-83BB121AAD01}</UniqueIdentifier>
      <Extensions>rc;ico;cur;bmp;dlg;rc2;rct;bin;rgs;gif;jpg;jpeg;jpe;resx;tiff;tif;png;wav;mfcribbon-ms</Extensions>
    </Filter>
    <Filter Include="Minty">
      <UniqueIdentifier>{93995380-89BD-4b04-88EB-625FBE52EBFB}</UniqueIdentifier>
      <Extensions>h;hh;hpp;hxx;h++;hm;inl;inc;ipp;xsd</Extensions>
    </Filter>
    <Filter Include="Minty\Data">
      <UniqueIdentifier>{b9105f10-af54-4eda-9e63-abb9fb93d6eb}</UniqueIdentifier>
    </Filter>
    <Filter Include="Minty\Core">
      <UniqueIdentifier>{e3114f18-e7c3-4f86-ac30-39b12205a906}</UniqueIdentifier>
    </Filter>
    <Filter Include="Minty\Memory">
      <UniqueIdentifier>{6427889f-6a86-4cbd-85e4-4322851a0bc7}</UniqueIdentifier>
    </Filter>
    <Filter Include="Minty\Application">
      <UniqueIdentifier>{78291bb1-c7bc-4d24-a5ce-7d9113a444b1}</UniqueIdentifier>
    </Filter>
    <Filter Include="Minty\File">
      <UniqueIdentifier>{1d11488f-5f0e-4c6c-ba42-88dbcfa39456}</UniqueIdentifier>
    </Filter>
    <Filter Include="Minty\Wrap">
      <UniqueIdentifier>{39797de9-32cc-41f7-857e-203b1d8071f3}</UniqueIdentifier>
    </Filter>
    <Filter Include="Minty\Debug">
      <UniqueIdentifier>{b6a3b78b-ca2a-4a37-b2d0-ea110ebe1388}</UniqueIdentifier>
    </Filter>
    <Filter Include="Minty\Context">
      <UniqueIdentifier>{916d96d1-41a7-49ad-af3a-dc2fb90b2f16}</UniqueIdentifier>
    </Filter>
    <Filter Include="Minty\Library">
      <UniqueIdentifier>{2d3ffd8f-1214-46a3-a75b-69218c745023}</UniqueIdentifier>
    </Filter>
    <Filter Include="Minty\Serialization">
      <UniqueIdentifier>{59ef1355-b6b7-438e-a0d9-1bc7de24cfdb}</UniqueIdentifier>
    </Filter>
    <Filter Include="Minty\Asset">
      <UniqueIdentifier>{58bd769d-a3ce-4306-b861-923b6bc668a2}</UniqueIdentifier>
    </Filter>
    <Filter Include="Minty\Job">
      <UniqueIdentifier>{74a9a029-6db6-4352-b641-7c8f08dd38e6}</UniqueIdentifier>
    </Filter>
    <Filter Include="Minty\Time">
      <UniqueIdentifier>{74385c56-4d39-426d-b53f-e7d8e7a54d2c}</UniqueIdentifier>
    </Filter>
    <Filter Include="Minty\Render">
      <UniqueIdentifier>{c673dc96-97a3-4ca7-88d4-155bd7674b96}</UniqueIdentifier>
    </Filter>
    <Filter Include="Minty\Window">
      <UniqueIdentifier>{04044b44-acaf-4ad8-ab85-52f1f1acff5d}</UniqueIdentifier>
    </Filter>
    <Filter Include="Platform">
      <UniqueIdentifier>{cd4ab242-3dff-44a5-af84-2b09082e55a2}</UniqueIdentifier>
    </Filter>
    <Filter Include="Platform\Windows">
      <UniqueIdentifier>{f359ec5e-fd2d-41b0-b0c9-9af998deecf4}</UniqueIdentifier>
    </Filter>
    <Filter Include="Minty\Event">
      <UniqueIdentifier>{5acc83b4-ee82-426c-9bc1-b8dfb0618d2c}</UniqueIdentifier>
    </Filter>
  </ItemGroup>
  <ItemGroup>
    <ClInclude Include="framework.h">
      <Filter>Minty</Filter>
    </ClInclude>
    <ClInclude Include="pch.h">
      <Filter>Minty</Filter>
    </ClInclude>
    <ClInclude Include="Minty.h">
      <Filter>Minty</Filter>
    </ClInclude>
    <ClInclude Include="Minty\Data\String.h">
      <Filter>Minty\Data</Filter>
    </ClInclude>
    <ClInclude Include="Minty\Core\Types.h">
      <Filter>Minty\Core</Filter>
    </ClInclude>
    <ClInclude Include="Minty\Core\Base.h">
      <Filter>Minty\Core</Filter>
    </ClInclude>
    <ClInclude Include="Minty\Core\Macro.h">
      <Filter>Minty\Core</Filter>
    </ClInclude>
    <ClInclude Include="Minty\Data\Array.h">
      <Filter>Minty\Data</Filter>
    </ClInclude>
    <ClInclude Include="Minty\Core\Constant.h">
      <Filter>Minty\Core</Filter>
    </ClInclude>
    <ClInclude Include="Minty\Core\Format.h">
      <Filter>Minty\Core</Filter>
    </ClInclude>
    <ClInclude Include="Minty\Memory\Allocator.h">
      <Filter>Minty\Memory</Filter>
    </ClInclude>
    <ClInclude Include="Minty\Memory\MemoryStack.h">
      <Filter>Minty\Memory</Filter>
    </ClInclude>
    <ClInclude Include="Minty\Memory\MemoryPool.h">
      <Filter>Minty\Memory</Filter>
    </ClInclude>
    <ClInclude Include="Minty\Memory\MemoryManager.h">
      <Filter>Minty\Memory</Filter>
    </ClInclude>
    <ClInclude Include="Minty\Data\List.h">
      <Filter>Minty\Data</Filter>
    </ClInclude>
    <ClInclude Include="Minty\Data\_Data.h">
      <Filter>Minty\Data</Filter>
    </ClInclude>
    <ClInclude Include="Minty\Application\Application.h">
      <Filter>Minty\Application</Filter>
    </ClInclude>
    <ClInclude Include="Minty\Application\_Application.h">
      <Filter>Minty\Application</Filter>
    </ClInclude>
    <ClInclude Include="Minty\Memory\_Memory.h">
      <Filter>Minty\Memory</Filter>
    </ClInclude>
    <ClInclude Include="Minty\Core\_Core.h">
      <Filter>Minty\Core</Filter>
    </ClInclude>
    <ClInclude Include="Minty\Data\Pair.h">
      <Filter>Minty\Data</Filter>
    </ClInclude>
    <ClInclude Include="Minty\Data\Vector.h">
      <Filter>Minty\Data</Filter>
    </ClInclude>
    <ClInclude Include="Minty\Data\Map.h">
      <Filter>Minty\Data</Filter>
    </ClInclude>
    <ClInclude Include="Minty\Data\Set.h">
      <Filter>Minty\Data</Filter>
    </ClInclude>
    <ClInclude Include="Minty\Data\Stack.h">
      <Filter>Minty\Data</Filter>
    </ClInclude>
    <ClInclude Include="Minty\Data\Queue.h">
      <Filter>Minty\Data</Filter>
    </ClInclude>
    <ClInclude Include="Minty\Data\Color.h">
      <Filter>Minty\Data</Filter>
    </ClInclude>
    <ClInclude Include="Minty\Core\Compression.h">
      <Filter>Minty\Core</Filter>
    </ClInclude>
    <ClInclude Include="Minty\File\File.h">
      <Filter>Minty\File</Filter>
    </ClInclude>
    <ClInclude Include="Minty\File\_File.h">
      <Filter>Minty\File</Filter>
    </ClInclude>
    <ClInclude Include="Minty\Data\Path.h">
      <Filter>Minty\Data</Filter>
    </ClInclude>
    <ClInclude Include="Minty\File\PhysicalFile.h">
      <Filter>Minty\File</Filter>
    </ClInclude>
    <ClInclude Include="Minty\File\VirtualFile.h">
      <Filter>Minty\File</Filter>
    </ClInclude>
    <ClInclude Include="Minty\Wrap\_Wrap.h">
      <Filter>Minty\Wrap</Filter>
    </ClInclude>
    <ClInclude Include="Minty\Wrap\Wrap.h">
      <Filter>Minty\Wrap</Filter>
    </ClInclude>
    <ClInclude Include="Minty\Wrap\Wrapper.h">
      <Filter>Minty\Wrap</Filter>
    </ClInclude>
    <ClInclude Include="Minty\Core\Math.h">
      <Filter>Minty\Core</Filter>
    </ClInclude>
    <ClInclude Include="Minty\Debug\_Debug.h">
      <Filter>Minty\Debug</Filter>
    </ClInclude>
    <ClInclude Include="Minty\Debug\Debug.h">
      <Filter>Minty\Debug</Filter>
    </ClInclude>
    <ClInclude Include="Minty\Debug\DualBuffer.h">
      <Filter>Minty\Debug</Filter>
    </ClInclude>
    <ClInclude Include="Minty\Context\_Context.h">
      <Filter>Minty\Context</Filter>
    </ClInclude>
    <ClInclude Include="Minty\Context\Context.h">
      <Filter>Minty\Context</Filter>
    </ClInclude>
    <ClInclude Include="Minty\Library\GLM.h">
      <Filter>Minty\Library</Filter>
    </ClInclude>
    <ClInclude Include="Minty\Data\Container.h">
      <Filter>Minty\Data</Filter>
    </ClInclude>
    <ClInclude Include="Minty\Data\ConstantContainer.h">
      <Filter>Minty\Data</Filter>
    </ClInclude>
    <ClInclude Include="Minty\Serialization\_Serialization.h">
      <Filter>Minty\Serialization</Filter>
    </ClInclude>
    <ClInclude Include="Minty\Serialization\Node.h">
      <Filter>Minty\Serialization</Filter>
    </ClInclude>
    <ClInclude Include="Minty\Serialization\Reader.h">
      <Filter>Minty\Serialization</Filter>
    </ClInclude>
    <ClInclude Include="Minty\Serialization\Writer.h">
      <Filter>Minty\Serialization</Filter>
    </ClInclude>
    <ClInclude Include="Minty\Serialization\SerializableObject.h">
      <Filter>Minty\Serialization</Filter>
    </ClInclude>
    <ClInclude Include="Minty\Data\MemoryContainer.h">
      <Filter>Minty\Data</Filter>
    </ClInclude>
    <ClInclude Include="Minty\Data\DynamicContainer.h">
      <Filter>Minty\Data</Filter>
    </ClInclude>
    <ClInclude Include="Minty\Data\StaticContainer.h">
      <Filter>Minty\Data</Filter>
    </ClInclude>
    <ClInclude Include="Minty\Data\UUID.h">
      <Filter>Minty\Data</Filter>
    </ClInclude>
    <ClInclude Include="Minty\Data\Pointer.h">
      <Filter>Minty\Data</Filter>
    </ClInclude>
    <ClInclude Include="Minty\Asset\Asset.h">
      <Filter>Minty\Asset</Filter>
    </ClInclude>
    <ClInclude Include="Minty\Asset\_Asset.h">
      <Filter>Minty\Asset</Filter>
    </ClInclude>
    <ClInclude Include="Minty\Asset\AssetManager.h">
      <Filter>Minty\Asset</Filter>
    </ClInclude>
    <ClInclude Include="Minty\Asset\AssetType.h">
      <Filter>Minty\Asset</Filter>
    </ClInclude>
    <ClInclude Include="Minty\Core\Type.h">
      <Filter>Minty\Core</Filter>
    </ClInclude>
    <ClInclude Include="Minty\Data\Variable.h">
      <Filter>Minty\Data</Filter>
    </ClInclude>
    <ClInclude Include="Minty\Serialization\Serializable.h">
      <Filter>Minty\Serialization</Filter>
    </ClInclude>
    <ClInclude Include="Minty\Serialization\IsSerializable.h">
      <Filter>Minty\Serialization</Filter>
    </ClInclude>
    <ClInclude Include="Minty\Core\Encoding.h">
      <Filter>Minty\Core</Filter>
    </ClInclude>
    <ClInclude Include="Minty\Job\_Job.h">
      <Filter>Minty\Job</Filter>
    </ClInclude>
    <ClInclude Include="Minty\Job\JobManager.h">
      <Filter>Minty\Job</Filter>
    </ClInclude>
    <ClInclude Include="Minty\Serialization\Parseable.h">
      <Filter>Minty\Serialization</Filter>
    </ClInclude>
    <ClInclude Include="Minty\Serialization\IsParseable.h">
      <Filter>Minty\Serialization</Filter>
    </ClInclude>
    <ClInclude Include="Minty\Serialization\ToString.h">
      <Filter>Minty\Serialization</Filter>
    </ClInclude>
    <ClInclude Include="Minty\Serialization\Parse.h">
      <Filter>Minty\Serialization</Filter>
    </ClInclude>
    <ClInclude Include="Minty\Asset\GenericAsset.h">
      <Filter>Minty\Asset</Filter>
    </ClInclude>
    <ClInclude Include="Minty\Time\_Time.h">
      <Filter>Minty\Time</Filter>
    </ClInclude>
    <ClInclude Include="Minty\Time\Stopwatch.h">
      <Filter>Minty\Time</Filter>
    </ClInclude>
    <ClInclude Include="Minty\Time\Time.h">
      <Filter>Minty\Time</Filter>
    </ClInclude>
    <ClInclude Include="Minty\Render\_Render.h">
      <Filter>Minty\Render</Filter>
    </ClInclude>
    <ClInclude Include="Minty\Library\GLFW.h">
      <Filter>Minty\Library</Filter>
    </ClInclude>
    <ClInclude Include="Minty\Library\Vulkan.h">
      <Filter>Minty\Library</Filter>
    </ClInclude>
    <ClInclude Include="Minty\Render\BufferUsage.h">
      <Filter>Minty\Render</Filter>
    </ClInclude>
    <ClInclude Include="Minty\Render\ImageType.h">
      <Filter>Minty\Render</Filter>
    </ClInclude>
    <ClInclude Include="Minty\Render\ImagePixelFormat.h">
      <Filter>Minty\Render</Filter>
    </ClInclude>
    <ClInclude Include="Minty\Render\ImageTiling.h">
      <Filter>Minty\Render</Filter>
    </ClInclude>
    <ClInclude Include="Minty\Render\ImageAspect.h">
      <Filter>Minty\Render</Filter>
    </ClInclude>
    <ClInclude Include="Minty\Render\ImageAddressMode.h">
      <Filter>Minty\Render</Filter>
    </ClInclude>
    <ClInclude Include="Minty\Render\ImageUsage.h">
      <Filter>Minty\Render</Filter>
    </ClInclude>
    <ClInclude Include="Minty\Render\ImageLayout.h">
      <Filter>Minty\Render</Filter>
    </ClInclude>
    <ClInclude Include="Minty\Render\Filter.h">
      <Filter>Minty\Render</Filter>
    </ClInclude>
    <ClInclude Include="Minty\Render\Format.h">
      <Filter>Minty\Render</Filter>
    </ClInclude>
    <ClInclude Include="Minty\Render\ShaderStage.h">
      <Filter>Minty\Render</Filter>
    </ClInclude>
    <ClInclude Include="Minty\Render\ShaderInputType.h">
      <Filter>Minty\Render</Filter>
    </ClInclude>
    <ClInclude Include="Minty\Render\ShaderPrimitiveTopology.h">
      <Filter>Minty\Render</Filter>
    </ClInclude>
    <ClInclude Include="Minty\Render\ShaderCullMode.h">
      <Filter>Minty\Render</Filter>
    </ClInclude>
    <ClInclude Include="Minty\Render\ShaderFrontFace.h">
      <Filter>Minty\Render</Filter>
    </ClInclude>
    <ClInclude Include="Minty\Render\ShaderPolygonMode.h">
      <Filter>Minty\Render</Filter>
    </ClInclude>
    <ClInclude Include="Minty\Render\ShaderInputRate.h">
      <Filter>Minty\Render</Filter>
    </ClInclude>
    <ClInclude Include="Minty\Render\CoordinateMode.h">
      <Filter>Minty\Render</Filter>
    </ClInclude>
    <ClInclude Include="Minty\Window\WindowManager.h">
      <Filter>Minty\Window</Filter>
    </ClInclude>
    <ClInclude Include="Minty\Window\_Window.h">
      <Filter>Minty\Window</Filter>
    </ClInclude>
    <ClInclude Include="Minty\Window\Window.h">
      <Filter>Minty\Window</Filter>
    </ClInclude>
    <ClInclude Include="Platform\Windows\Windows_Window.h">
      <Filter>Platform\Windows</Filter>
    </ClInclude>
    <ClInclude Include="Minty\Event\_Event.h">
      <Filter>Minty\Event</Filter>
    </ClInclude>
    <ClInclude Include="Minty\Event\Event.h">
      <Filter>Minty\Event</Filter>
    </ClInclude>
    <ClInclude Include="Minty\Event\EventType.h">
      <Filter>Minty\Event</Filter>
    </ClInclude>
    <ClInclude Include="Minty\Window\WindowResizeEvent.h">
      <Filter>Minty\Window</Filter>
    </ClInclude>
    <ClInclude Include="Minty\Window\WindowCloseEvent.h">
      <Filter>Minty\Window</Filter>
    </ClInclude>
    <ClInclude Include="Minty\Window\CursorMode.h">
      <Filter>Minty\Window</Filter>
    </ClInclude>
    <ClInclude Include="Minty\Library\STB.h">
      <Filter>Minty\Library</Filter>
    </ClInclude>
  </ItemGroup>
  <ItemGroup>
    <ClCompile Include="Minty.cpp">
      <Filter>Source Files</Filter>
    </ClCompile>
    <ClCompile Include="pch.cpp">
      <Filter>Source Files</Filter>
    </ClCompile>
    <ClCompile Include="Minty\Data\String.cpp">
      <Filter>Source Files</Filter>
    </ClCompile>
    <ClCompile Include="Minty\Memory\MemoryPool.cpp">
      <Filter>Source Files</Filter>
    </ClCompile>
    <ClCompile Include="Minty\Memory\MemoryStack.cpp">
      <Filter>Source Files</Filter>
    </ClCompile>
    <ClCompile Include="Minty\Memory\MemoryManager.cpp">
      <Filter>Source Files</Filter>
    </ClCompile>
    <ClCompile Include="Minty\Application\Application.cpp">
      <Filter>Source Files</Filter>
    </ClCompile>
    <ClCompile Include="Minty\Core\Base.cpp">
      <Filter>Source Files</Filter>
    </ClCompile>
    <ClCompile Include="Minty\Core\Compression.cpp">
      <Filter>Source Files</Filter>
    </ClCompile>
    <ClCompile Include="Minty\Data\Path.cpp">
      <Filter>Source Files</Filter>
    </ClCompile>
    <ClCompile Include="Minty\File\PhysicalFile.cpp">
      <Filter>Source Files</Filter>
    </ClCompile>
    <ClCompile Include="Minty\File\VirtualFile.cpp">
      <Filter>Source Files</Filter>
    </ClCompile>
    <ClCompile Include="Minty\Wrap\Wrap.cpp">
      <Filter>Source Files</Filter>
    </ClCompile>
    <ClCompile Include="Minty\File\File.cpp">
      <Filter>Source Files</Filter>
    </ClCompile>
    <ClCompile Include="Minty\Wrap\Wrapper.cpp">
      <Filter>Source Files</Filter>
    </ClCompile>
    <ClCompile Include="Minty\Debug\Debug.cpp">
      <Filter>Source Files</Filter>
    </ClCompile>
    <ClCompile Include="Minty\Context\Context.cpp">
      <Filter>Source Files</Filter>
    </ClCompile>
    <ClCompile Include="Minty\Core\Math.cpp">
      <Filter>Source Files</Filter>
    </ClCompile>
    <ClCompile Include="Minty\Asset\Asset.cpp">
      <Filter>Source Files</Filter>
    </ClCompile>
    <ClCompile Include="Minty\Asset\AssetManager.cpp">
      <Filter>Source Files</Filter>
    </ClCompile>
    <ClCompile Include="Minty\Data\Container.cpp">
      <Filter>Source Files</Filter>
    </ClCompile>
    <ClCompile Include="Minty\Data\DynamicContainer.cpp">
      <Filter>Source Files</Filter>
    </ClCompile>
    <ClCompile Include="Minty\Data\MemoryContainer.cpp">
      <Filter>Source Files</Filter>
    </ClCompile>
    <ClCompile Include="Minty\Data\StaticContainer.cpp">
      <Filter>Source Files</Filter>
    </ClCompile>
    <ClCompile Include="Minty\Data\UUID.cpp">
      <Filter>Source Files</Filter>
    </ClCompile>
    <ClCompile Include="Minty\Data\ConstantContainer.cpp">
      <Filter>Source Files</Filter>
    </ClCompile>
    <ClCompile Include="Minty\Serialization\Node.cpp">
      <Filter>Source Files</Filter>
    </ClCompile>
    <ClCompile Include="Minty\Core\Type.cpp">
      <Filter>Source Files</Filter>
    </ClCompile>
    <ClCompile Include="Minty\Data\Variable.cpp">
      <Filter>Source Files</Filter>
    </ClCompile>
    <ClCompile Include="Minty\Serialization\Reader.cpp">
      <Filter>Source Files</Filter>
    </ClCompile>
    <ClCompile Include="Minty\Serialization\Writer.cpp">
      <Filter>Source Files</Filter>
    </ClCompile>
    <ClCompile Include="Minty\Core\Encoding.cpp">
      <Filter>Source Files</Filter>
    </ClCompile>
    <ClCompile Include="Minty\Job\JobManager.cpp">
      <Filter>Source Files</Filter>
    </ClCompile>
    <ClCompile Include="Minty\Serialization\Parse.cpp">
      <Filter>Source Files</Filter>
    </ClCompile>
    <ClCompile Include="Minty\Serialization\ToString.cpp">
      <Filter>Source Files</Filter>
    </ClCompile>
    <ClCompile Include="Minty\Asset\GenericAsset.cpp">
      <Filter>Source Files</Filter>
    </ClCompile>
    <ClCompile Include="Minty\Time\Stopwatch.cpp">
      <Filter>Source Files</Filter>
    </ClCompile>
    <ClCompile Include="Minty\Time\Time.cpp">
      <Filter>Source Files</Filter>
    </ClCompile>
    <ClCompile Include="Minty\Render\BufferUsage.cpp">
      <Filter>Source Files</Filter>
    </ClCompile>
    <ClCompile Include="Minty\Render\ImageType.cpp">
      <Filter>Source Files</Filter>
    </ClCompile>
    <ClCompile Include="Minty\Render\ImagePixelFormat.cpp">
      <Filter>Source Files</Filter>
    </ClCompile>
    <ClCompile Include="Minty\Render\ImageTiling.cpp">
      <Filter>Source Files</Filter>
    </ClCompile>
    <ClCompile Include="Minty\Render\ImageAspect.cpp">
      <Filter>Source Files</Filter>
    </ClCompile>
    <ClCompile Include="Minty\Render\ImageAddressMode.cpp">
      <Filter>Source Files</Filter>
    </ClCompile>
    <ClCompile Include="Minty\Render\ImageUsage.cpp">
      <Filter>Source Files</Filter>
    </ClCompile>
    <ClCompile Include="Minty\Render\ImageLayout.cpp">
      <Filter>Source Files</Filter>
    </ClCompile>
    <ClCompile Include="Minty\Render\Filter.cpp">
      <Filter>Source Files</Filter>
    </ClCompile>
    <ClCompile Include="Minty\Render\Format.cpp">
      <Filter>Source Files</Filter>
    </ClCompile>
    <ClCompile Include="Minty\Render\ShaderStage.cpp">
      <Filter>Source Files</Filter>
    </ClCompile>
    <ClCompile Include="Minty\Render\ShaderInputType.cpp">
      <Filter>Source Files</Filter>
    </ClCompile>
    <ClCompile Include="Minty\Render\ShaderPrimitiveTopology.cpp">
      <Filter>Source Files</Filter>
    </ClCompile>
    <ClCompile Include="Minty\Render\ShaderCullMode.cpp">
      <Filter>Source Files</Filter>
    </ClCompile>
    <ClCompile Include="Minty\Render\ShaderFrontFace.cpp">
      <Filter>Source Files</Filter>
    </ClCompile>
    <ClCompile Include="Minty\Render\ShaderPolygonMode.cpp">
      <Filter>Source Files</Filter>
    </ClCompile>
    <ClCompile Include="Minty\Render\ShaderInputRate.cpp">
      <Filter>Source Files</Filter>
    </ClCompile>
    <ClCompile Include="Minty\Render\CoordinateMode.cpp">
      <Filter>Source Files</Filter>
    </ClCompile>
    <ClCompile Include="Minty\Window\WindowManager.cpp">
      <Filter>Source Files</Filter>
    </ClCompile>
    <ClCompile Include="Minty\Window\Window.cpp">
      <Filter>Source Files</Filter>
    </ClCompile>
    <ClCompile Include="Platform\Windows\Windows_Window.cpp">
      <Filter>Source Files</Filter>
    </ClCompile>
  </ItemGroup>
  <ItemGroup>
    <None Include="cpp.hint" />
  </ItemGroup>
</Project>